<Solution Description="AJP HEN Studio">
  <Project Path="AJP_LicenseGenerator/AJP_LicenseGenerator.csproj" Id="c3b9e227-ea4d-4df4-bde8-4f8cdaa4ba73" />
  <Project Path="HenStudio.csproj" Id="759cbd9c-52b2-44f0-b3ae-695ad1fc508a" />
  <Project Path="HenStudio.Tests/HenStudio.Tests.csproj" Id="3d3f51eb-3cb6-4ef6-96d5-3a64ecac4b1c" />
  <Project Path="_AJP License File/_AJP License File.csproj" Id="146de66e-f297-4664-8f5f-6edcbdfacbed" />
  <Project Path="_HenDomainModel/_HenDomainModel.csproj" Id="50b16387-1a20-4e86-8296-ae58eef37f16" />
  <Project Path="_HenGlobal/_HenGlobal.csproj" Id="c73899c1-09e9-4981-a906-f33c3ae4078a" />
  <Project Path="_HenPersistence/_HenPersistence.csproj" Id="eb33e6f8-aa86-4be8-8d1c-b1b9b92435ad" />
  <Project Path="_HenRepositories/_HenRepositories.csproj" Id="42a404ca-256f-47c8-82fd-319c99292c74" />
  <Project Path="_HenStudioDatabase/_HenStudioDatabase.sqlproj" Id="6d436111-d440-474c-ae5e-84cc10d29e47">
    <Build />
    <Deploy />
  </Project>
  <Project Path="_HenViewModels/_HenViewModels.csproj" Id="58b4795c-8a98-4e0f-a07f-3769bba0079f" />
</Solution>
